
Microsoft Visual Studio Solution File, Format Version 12.00
# Visual Studio Version 16
VisualStudioVersion = 16.0.31702.278
MinimumVisualStudioVersion = 10.0.40219.1
Project("{FAE04EC0-301F-11D3-BF4B-00C04F79EFBC}") = "FirstConsoleApp_107", "FirstConsoleApp_107\FirstConsoleApp_107.csproj", "{ECAAF3EE-FD32-40E0-A010-0255D77ADB02}"
EndProject
Global
	GlobalSection(SolutionConfigurationPlatforms) = preSolution
		Debug|Any CPU = Debug|Any CPU
		Release|Any CPU = Release|Any CPU
	EndGlobalSection
	GlobalSection(ProjectConfigurationPlatforms) = postSolution
		{ECAAF3EE-FD32-40E0-A010-0255D77ADB02}.Debug|Any CPU.ActiveCfg = Debug|Any CPU
		{ECAAF3EE-FD32-40E0-A010-0255D77ADB02}.Debug|Any CPU.Build.0 = Debug|Any CPU
		{ECAAF3EE-FD32-40E0-A010-0255D77ADB02}.Release|Any CPU.ActiveCfg = Release|Any CPU
		{ECAAF3EE-FD32-40E0-A010-0255D77ADB02}.Release|Any CPU.Build.0 = Release|Any CPU
	EndGlobalSection
	GlobalSection(SolutionProperties) = preSolution
		HideSolutionNode = FALSE
	EndGlobalSection
	GlobalSection(ExtensibilityGlobals) = postSolution
		SolutionGuid = {1759898D-ED24-47E5-842F-15DB4CD43532}
	EndGlobalSection
EndGlobal
